
Microsoft Visual Studio Solution File, Format Version 12.00
# Visual Studio Version 16
VisualStudioVersion = 16.0.31613.86
MinimumVisualStudioVersion = 10.0.40219.1
Project("{FAE04EC0-301F-11D3-BF4B-00C04F79EFBC}") = "Practico1-Ejercicio3-TDI", "Practico1-Ejercicio3-TDI\Practico1-Ejercicio3-TDI.csproj", "{F001E2E3-CF25-4350-975A-C0A83DCF7FDE}"
EndProject
Global
	GlobalSection(SolutionConfigurationPlatforms) = preSolution
		Debug|Any CPU = Debug|Any CPU
		Release|Any CPU = Release|Any CPU
	EndGlobalSection
	GlobalSection(ProjectConfigurationPlatforms) = postSolution
		{F001E2E3-CF25-4350-975A-C0A83DCF7FDE}.Debug|Any CPU.ActiveCfg = Debug|Any CPU
		{F001E2E3-CF25-4350-975A-C0A83DCF7FDE}.Debug|Any CPU.Build.0 = Debug|Any CPU
		{F001E2E3-CF25-4350-975A-C0A83DCF7FDE}.Release|Any CPU.ActiveCfg = Release|Any CPU
		{F001E2E3-CF25-4350-975A-C0A83DCF7FDE}.Release|Any CPU.Build.0 = Release|Any CPU
	EndGlobalSection
	GlobalSection(SolutionProperties) = preSolution
		HideSolutionNode = FALSE
	EndGlobalSection
	GlobalSection(ExtensibilityGlobals) = postSolution
		SolutionGuid = {0C76BC99-0083-43B7-92FC-F920BC3AF983}
	EndGlobalSection
EndGlobal
